// !$*UTF8*$!
{
	archiveVersion = 1;
	classes = {
	};
	objectVersion = 46;
	objects = {

/* Begin PBXBuildFile section */
		CE5BFB9A1D96C6F700217608 /* JSONJoy.framework in Frameworks */ = {isa = PBXBuildFile; fileRef = CE5BFB991D96C6F700217608 /* JSONJoy.framework */; };
		CE5BFB9B1D96C7D900217608 /* JSONJoy.framework in CopyFiles */ = {isa = PBXBuildFile; fileRef = CE5BFB991D96C6F700217608 /* JSONJoy.framework */; settings = {ATTRIBUTES = (CodeSignOnCopy, RemoveHeadersOnCopy, ); }; };
		CEE343A31D96B8F500F8ACEA /* World.swift in Sources */ = {isa = PBXBuildFile; fileRef = CEE343A21D96B8F500F8ACEA /* World.swift */; };
		F84CB73B1D9694B60019EE83 /* View.swift in Sources */ = {isa = PBXBuildFile; fileRef = F84CB73A1D9694B60019EE83 /* View.swift */; };
		F84CB73D1D96A0670019EE83 /* Angle.swift in Sources */ = {isa = PBXBuildFile; fileRef = F84CB73C1D96A0670019EE83 /* Angle.swift */; };
		F84CB73F1D96AA620019EE83 /* Examples in Resources */ = {isa = PBXBuildFile; fileRef = F84CB73E1D96AA620019EE83 /* Examples */; };
		F8D511511D96753200F74937 /* AppDelegate.swift in Sources */ = {isa = PBXBuildFile; fileRef = F8D511501D96753200F74937 /* AppDelegate.swift */; };
		F8D511531D96753200F74937 /* ViewController.swift in Sources */ = {isa = PBXBuildFile; fileRef = F8D511521D96753200F74937 /* ViewController.swift */; };
		F8D511551D96753200F74937 /* Document.swift in Sources */ = {isa = PBXBuildFile; fileRef = F8D511541D96753200F74937 /* Document.swift */; };
		F8D511571D96753200F74937 /* Assets.xcassets in Resources */ = {isa = PBXBuildFile; fileRef = F8D511561D96753200F74937 /* Assets.xcassets */; };
		F8D5115A1D96753200F74937 /* Main.storyboard in Resources */ = {isa = PBXBuildFile; fileRef = F8D511581D96753200F74937 /* Main.storyboard */; };
/* End PBXBuildFile section */

/* Begin PBXCopyFilesBuildPhase section */
		CE5BFB841D96C53B00217608 /* CopyFiles */ = {
			isa = PBXCopyFilesBuildPhase;
			buildActionMask = 2147483647;
			dstPath = "";
			dstSubfolderSpec = 10;
			files = (
				CEFACF7D1D96CFC600412E44 /* JSONCodable.framework in CopyFiles */,
				CE5BFB9B1D96C7D900217608 /* JSONJoy.framework in CopyFiles */,
			);
			runOnlyForDeploymentPostprocessing = 0;
		};
/* End PBXCopyFilesBuildPhase section */

/* Begin PBXFileReference section */
		CE5BFB991D96C6F700217608 /* JSONJoy.framework */ = {isa = PBXFileReference; lastKnownFileType = wrapper.framework; path = JSONJoy.framework; sourceTree = "<group>"; };
		CEE343A21D96B8F500F8ACEA /* World.swift */ = {isa = PBXFileReference; fileEncoding = 4; lastKnownFileType = sourcecode.swift; name = World.swift; path = Models/World.swift; sourceTree = "<group>"; };
		F84CB73A1D9694B60019EE83 /* View.swift */ = {isa = PBXFileReference; fileEncoding = 4; lastKnownFileType = sourcecode.swift; path = View.swift; sourceTree = "<group>"; };
		F84CB73C1D96A0670019EE83 /* Angle.swift */ = {isa = PBXFileReference; fileEncoding = 4; lastKnownFileType = sourcecode.swift; path = Angle.swift; sourceTree = "<group>"; };
		F84CB73E1D96AA620019EE83 /* Examples */ = {isa = PBXFileReference; lastKnownFileType = folder; path = Examples; sourceTree = SOURCE_ROOT; };
		F8D5114D1D96753200F74937 /* PolygonEvolution.app */ = {isa = PBXFileReference; explicitFileType = wrapper.application; includeInIndex = 0; path = PolygonEvolution.app; sourceTree = BUILT_PRODUCTS_DIR; };
		F8D511501D96753200F74937 /* AppDelegate.swift */ = {isa = PBXFileReference; lastKnownFileType = sourcecode.swift; path = AppDelegate.swift; sourceTree = "<group>"; };
		F8D511521D96753200F74937 /* ViewController.swift */ = {isa = PBXFileReference; lastKnownFileType = sourcecode.swift; path = ViewController.swift; sourceTree = "<group>"; };
		F8D511541D96753200F74937 /* Document.swift */ = {isa = PBXFileReference; lastKnownFileType = sourcecode.swift; path = Document.swift; sourceTree = "<group>"; };
		F8D511561D96753200F74937 /* Assets.xcassets */ = {isa = PBXFileReference; lastKnownFileType = folder.assetcatalog; path = Assets.xcassets; sourceTree = "<group>"; };
		F8D511591D96753200F74937 /* Base */ = {isa = PBXFileReference; lastKnownFileType = file.storyboard; name = Base; path = Base.lproj/Main.storyboard; sourceTree = "<group>"; };
		F8D5115B1D96753200F74937 /* Info.plist */ = {isa = PBXFileReference; lastKnownFileType = text.plist.xml; path = Info.plist; sourceTree = "<group>"; };
/* End PBXFileReference section */

/* Begin PBXFrameworksBuildPhase section */
		F8D5114A1D96753200F74937 /* Frameworks */ = {
			isa = PBXFrameworksBuildPhase;
			buildActionMask = 2147483647;
			files = (
				CE5BFB9A1D96C6F700217608 /* JSONJoy.framework in Frameworks */,
				CEFACF7C1D96CE8300412E44 /* JSONCodable.framework in Frameworks */,
			);
			runOnlyForDeploymentPostprocessing = 0;
		};
/* End PBXFrameworksBuildPhase section */

/* Begin PBXGroup section */
		CEE343A41D96B90600F8ACEA /* Models */ = {
			isa = PBXGroup;
			children = (
				F84CB73C1D96A0670019EE83 /* Angle.swift */,
				CEE343A21D96B8F500F8ACEA /* World.swift */,
			);
			name = Models;
			sourceTree = "<group>";
		};
		F84CB7391D9694840019EE83 /* View */ = {
			isa = PBXGroup;
			children = (
				F84CB73A1D9694B60019EE83 /* View.swift */,
			);
			name = View;
			sourceTree = "<group>";
		};
		F85227AC1D96CBA900E54BC5 /* Frameworks */ = {
			isa = PBXGroup;
			children = (
				CEFACF7B1D96CE8300412E44 /* JSONCodable.framework */,
				CE5BFB991D96C6F700217608 /* JSONJoy.framework */,
			);
			name = Frameworks;
			sourceTree = "<group>";
		};
		F8D511441D96753200F74937 = {
			isa = PBXGroup;
			children = (
				F85227AC1D96CBA900E54BC5 /* Frameworks */,
				F8D5114F1D96753200F74937 /* PolygonEvolution */,
				F8D5114E1D96753200F74937 /* Products */,
			);
			sourceTree = "<group>";
		};
		F8D5114E1D96753200F74937 /* Products */ = {
			isa = PBXGroup;
			children = (
				F8D5114D1D96753200F74937 /* PolygonEvolution.app */,
			);
			name = Products;
			sourceTree = "<group>";
		};
		F8D5114F1D96753200F74937 /* PolygonEvolution */ = {
			isa = PBXGroup;
			children = (
				F84CB73E1D96AA620019EE83 /* Examples */,
				F84CB7391D9694840019EE83 /* View */,
				F8D511501D96753200F74937 /* AppDelegate.swift */,
				F8D511521D96753200F74937 /* ViewController.swift */,
				F8D511541D96753200F74937 /* Document.swift */,
				F8D511561D96753200F74937 /* Assets.xcassets */,
				F8D511581D96753200F74937 /* Main.storyboard */,
				F8D5115B1D96753200F74937 /* Info.plist */,
				CEE343A41D96B90600F8ACEA /* Models */,
			);
			path = PolygonEvolution;
			sourceTree = "<group>";
		};
/* End PBXGroup section */

/* Begin PBXNativeTarget section */
		F8D5114C1D96753200F74937 /* PolygonEvolution */ = {
			isa = PBXNativeTarget;
			buildConfigurationList = F8D5115E1D96753200F74937 /* Build configuration list for PBXNativeTarget "PolygonEvolution" */;
			buildPhases = (
				F8D511491D96753200F74937 /* Sources */,
				F8D5114A1D96753200F74937 /* Frameworks */,
				F8D5114B1D96753200F74937 /* Resources */,
				CE5BFB841D96C53B00217608 /* CopyFiles */,
			);
			buildRules = (
			);
			dependencies = (
			);
			name = PolygonEvolution;
			productName = PolygonEvolution;
			productReference = F8D5114D1D96753200F74937 /* PolygonEvolution.app */;
			productType = "com.apple.product-type.application";
		};
/* End PBXNativeTarget section */

/* Begin PBXProject section */
		F8D511451D96753200F74937 /* Project object */ = {
			isa = PBXProject;
			attributes = {
				LastSwiftUpdateCheck = 0800;
				LastUpgradeCheck = 0800;
				ORGANIZATIONNAME = "Stefan Hintz";
				TargetAttributes = {
					F8D5114C1D96753200F74937 = {
						CreatedOnToolsVersion = 8.0;
						DevelopmentTeam = LP79SBZ8M8;
						ProvisioningStyle = Automatic;
					};
				};
			};
			buildConfigurationList = F8D511481D96753200F74937 /* Build configuration list for PBXProject "PolygonEvolution" */;
			compatibilityVersion = "Xcode 3.2";
			developmentRegion = English;
			hasScannedForEncodings = 0;
			knownRegions = (
				en,
				Base,
			);
			mainGroup = F8D511441D96753200F74937;
			productRefGroup = F8D5114E1D96753200F74937 /* Products */;
			projectDirPath = "";
			projectRoot = "";
			targets = (
				F8D5114C1D96753200F74937 /* PolygonEvolution */,
			);
		};
/* End PBXProject section */

/* Begin PBXResourcesBuildPhase section */
		F8D5114B1D96753200F74937 /* Resources */ = {
			isa = PBXResourcesBuildPhase;
			buildActionMask = 2147483647;
			files = (
				F8D511571D96753200F74937 /* Assets.xcassets in Resources */,
				F84CB73F1D96AA620019EE83 /* Examples in Resources */,
				F8D5115A1D96753200F74937 /* Main.storyboard in Resources */,
			);
			runOnlyForDeploymentPostprocessing = 0;
		};
/* End PBXResourcesBuildPhase section */

/* Begin PBXSourcesBuildPhase section */
		F8D511491D96753200F74937 /* Sources */ = {
			isa = PBXSourcesBuildPhase;
			buildActionMask = 2147483647;
			files = (
				CEE343A31D96B8F500F8ACEA /* World.swift in Sources */,
				F84CB73B1D9694B60019EE83 /* View.swift in Sources */,
				F84CB73D1D96A0670019EE83 /* Angle.swift in Sources */,
				F8D511531D96753200F74937 /* ViewController.swift in Sources */,
				F8D511511D96753200F74937 /* AppDelegate.swift in Sources */,
				F8D511551D96753200F74937 /* Document.swift in Sources */,
			);
			runOnlyForDeploymentPostprocessing = 0;
		};
/* End PBXSourcesBuildPhase section */

/* Begin PBXVariantGroup section */
		F8D511581D96753200F74937 /* Main.storyboard */ = {
			isa = PBXVariantGroup;
			children = (
				F8D511591D96753200F74937 /* Base */,
			);
			name = Main.storyboard;
			sourceTree = "<group>";
		};
/* End PBXVariantGroup section */

/* Begin XCBuildConfiguration section */
		F8D5115C1D96753200F74937 /* Debug */ = {
			isa = XCBuildConfiguration;
			buildSettings = {
				ALWAYS_SEARCH_USER_PATHS = NO;
				CLANG_ANALYZER_NONNULL = YES;
				CLANG_CXX_LANGUAGE_STANDARD = "gnu++0x";
				CLANG_CXX_LIBRARY = "libc++";
				CLANG_ENABLE_MODULES = YES;
				CLANG_ENABLE_OBJC_ARC = YES;
				CLANG_WARN_BOOL_CONVERSION = YES;
				CLANG_WARN_CONSTANT_CONVERSION = YES;
				CLANG_WARN_DIRECT_OBJC_ISA_USAGE = YES_ERROR;
				CLANG_WARN_DOCUMENTATION_COMMENTS = YES;
				CLANG_WARN_EMPTY_BODY = YES;
				CLANG_WARN_ENUM_CONVERSION = YES;
				CLANG_WARN_INFINITE_RECURSION = YES;
				CLANG_WARN_INT_CONVERSION = YES;
				CLANG_WARN_OBJC_ROOT_CLASS = YES_ERROR;
				CLANG_WARN_SUSPICIOUS_MOVES = YES;
				CLANG_WARN_UNREACHABLE_CODE = YES;
				CLANG_WARN__DUPLICATE_METHOD_MATCH = YES;
				CODE_SIGN_IDENTITY = "-";
				COPY_PHASE_STRIP = NO;
				DEBUG_INFORMATION_FORMAT = dwarf;
				ENABLE_STRICT_OBJC_MSGSEND = YES;
				ENABLE_TESTABILITY = YES;
				GCC_C_LANGUAGE_STANDARD = gnu99;
				GCC_DYNAMIC_NO_PIC = NO;
				GCC_NO_COMMON_BLOCKS = YES;
				GCC_OPTIMIZATION_LEVEL = 0;
				GCC_PREPROCESSOR_DEFINITIONS = (
					"DEBUG=1",
					"$(inherited)",
				);
				GCC_WARN_64_TO_32_BIT_CONVERSION = YES;
				GCC_WARN_ABOUT_RETURN_TYPE = YES_ERROR;
				GCC_WARN_UNDECLARED_SELECTOR = YES;
				GCC_WARN_UNINITIALIZED_AUTOS = YES_AGGRESSIVE;
				GCC_WARN_UNUSED_FUNCTION = YES;
				GCC_WARN_UNUSED_VARIABLE = YES;
				MACOSX_DEPLOYMENT_TARGET = 10.12;
				MTL_ENABLE_DEBUG_INFO = YES;
				ONLY_ACTIVE_ARCH = YES;
				SDKROOT = macosx;
				SWIFT_ACTIVE_COMPILATION_CONDITIONS = DEBUG;
				SWIFT_OPTIMIZATION_LEVEL = "-Onone";
			};
			name = Debug;
		};
		F8D5115D1D96753200F74937 /* Release */ = {
			isa = XCBuildConfiguration;
			buildSettings = {
				ALWAYS_SEARCH_USER_PATHS = NO;
				CLANG_ANALYZER_NONNULL = YES;
				CLANG_CXX_LANGUAGE_STANDARD = "gnu++0x";
				CLANG_CXX_LIBRARY = "libc++";
				CLANG_ENABLE_MODULES = YES;
				CLANG_ENABLE_OBJC_ARC = YES;
				CLANG_WARN_BOOL_CONVERSION = YES;
				CLANG_WARN_CONSTANT_CONVERSION = YES;
				CLANG_WARN_DIRECT_OBJC_ISA_USAGE = YES_ERROR;
				CLANG_WARN_DOCUMENTATION_COMMENTS = YES;
				CLANG_WARN_EMPTY_BODY = YES;
				CLANG_WARN_ENUM_CONVERSION = YES;
				CLANG_WARN_INFINITE_RECURSION = YES;
				CLANG_WARN_INT_CONVERSION = YES;
				CLANG_WARN_OBJC_ROOT_CLASS = YES_ERROR;
				CLANG_WARN_SUSPICIOUS_MOVES = YES;
				CLANG_WARN_UNREACHABLE_CODE = YES;
				CLANG_WARN__DUPLICATE_METHOD_MATCH = YES;
				CODE_SIGN_IDENTITY = "-";
				COPY_PHASE_STRIP = NO;
				DEBUG_INFORMATION_FORMAT = "dwarf-with-dsym";
				ENABLE_NS_ASSERTIONS = NO;
				ENABLE_STRICT_OBJC_MSGSEND = YES;
				GCC_C_LANGUAGE_STANDARD = gnu99;
				GCC_NO_COMMON_BLOCKS = YES;
				GCC_WARN_64_TO_32_BIT_CONVERSION = YES;
				GCC_WARN_ABOUT_RETURN_TYPE = YES_ERROR;
				GCC_WARN_UNDECLARED_SELECTOR = YES;
				GCC_WARN_UNINITIALIZED_AUTOS = YES_AGGRESSIVE;
				GCC_WARN_UNUSED_FUNCTION = YES;
				GCC_WARN_UNUSED_VARIABLE = YES;
				MACOSX_DEPLOYMENT_TARGET = 10.12;
				MTL_ENABLE_DEBUG_INFO = NO;
				SDKROOT = macosx;
				SWIFT_OPTIMIZATION_LEVEL = "-Owholemodule";
			};
			name = Release;
		};
		F8D5115F1D96753200F74937 /* Debug */ = {
			isa = XCBuildConfiguration;
			buildSettings = {
				ASSETCATALOG_COMPILER_APPICON_NAME = AppIcon;
				COMBINE_HIDPI_IMAGES = YES;
				DEVELOPMENT_TEAM = LP79SBZ8M8;
				FRAMEWORK_SEARCH_PATHS = (
					"$(inherited)",
					"$(PROJECT_DIR)/Frameworks",
					"$(PROJECT_DIR)",
				);
				INFOPLIST_FILE = PolygonEvolution/Info.plist;
				LD_RUNPATH_SEARCH_PATHS = "$(inherited) @executable_path/../Frameworks";
				MACOSX_DEPLOYMENT_TARGET = 10.11;
				PRODUCT_BUNDLE_IDENTIFIER = es.rockt.hintz.PolygonEvolution;
				PRODUCT_NAME = "$(TARGET_NAME)";
				SWIFT_VERSION = 3.0;
			};
			name = Debug;
		};
		F8D511601D96753200F74937 /* Release */ = {
			isa = XCBuildConfiguration;
			buildSettings = {
				ASSETCATALOG_COMPILER_APPICON_NAME = AppIcon;
				COMBINE_HIDPI_IMAGES = YES;
				DEVELOPMENT_TEAM = LP79SBZ8M8;
				FRAMEWORK_SEARCH_PATHS = (
					"$(inherited)",
					"$(PROJECT_DIR)/Frameworks",
					"$(PROJECT_DIR)",
				);
				INFOPLIST_FILE = PolygonEvolution/Info.plist;
				LD_RUNPATH_SEARCH_PATHS = "$(inherited) @executable_path/../Frameworks";
				MACOSX_DEPLOYMENT_TARGET = 10.11;
				PRODUCT_BUNDLE_IDENTIFIER = es.rockt.hintz.PolygonEvolution;
				PRODUCT_NAME = "$(TARGET_NAME)";
				SWIFT_VERSION = 3.0;
			};
			name = Release;
		};
/* End XCBuildConfiguration section */

/* Begin XCConfigurationList section */
		F8D511481D96753200F74937 /* Build configuration list for PBXProject "PolygonEvolution" */ = {
			isa = XCConfigurationList;
			buildConfigurations = (
				F8D5115C1D96753200F74937 /* Debug */,
				F8D5115D1D96753200F74937 /* Release */,
			);
			defaultConfigurationIsVisible = 0;
			defaultConfigurationName = Release;
		};
		F8D5115E1D96753200F74937 /* Build configuration list for PBXNativeTarget "PolygonEvolution" */ = {
			isa = XCConfigurationList;
			buildConfigurations = (
				F8D5115F1D96753200F74937 /* Debug */,
				F8D511601D96753200F74937 /* Release */,
			);
			defaultConfigurationIsVisible = 0;
			defaultConfigurationName = Release;
		};
/* End XCConfigurationList section */
	};
	rootObject = F8D511451D96753200F74937 /* Project object */;
}
